// !$*UTF8*$!
{
	archiveVersion = 1;
	classes = {
	};
	objectVersion = 56;
	objects = {

/* Begin PBXBuildFile section */
		AA380AE22A23C9B40053DC90 /* Alamofire in Frameworks */ = {isa = PBXBuildFile; productRef = AA380AE12A23C9B40053DC90 /* Alamofire */; };
		AA380AE52A23C9D70053DC90 /* SwiftyJSON in Frameworks */ = {isa = PBXBuildFile; productRef = AA380AE42A23C9D70053DC90 /* SwiftyJSON */; };
		AA380AE72A23DD220053DC90 /* GoogleService-Info.plist in Resources */ = {isa = PBXBuildFile; fileRef = AA380AE62A23DD220053DC90 /* GoogleService-Info.plist */; };
		AA59AAC62A2361F600CBF9AE /* AppDelegate.swift in Sources */ = {isa = PBXBuildFile; fileRef = AA59AAC52A2361F600CBF9AE /* AppDelegate.swift */; };
		AA59AAC82A2361F600CBF9AE /* SceneDelegate.swift in Sources */ = {isa = PBXBuildFile; fileRef = AA59AAC72A2361F600CBF9AE /* SceneDelegate.swift */; };
		AA59AACA2A2361F600CBF9AE /* WeatherViewController.swift in Sources */ = {isa = PBXBuildFile; fileRef = AA59AAC92A2361F600CBF9AE /* WeatherViewController.swift */; };
		AA59AACD2A2361F600CBF9AE /* Main.storyboard in Resources */ = {isa = PBXBuildFile; fileRef = AA59AACB2A2361F600CBF9AE /* Main.storyboard */; };
		AA59AACF2A2361F700CBF9AE /* Assets.xcassets in Resources */ = {isa = PBXBuildFile; fileRef = AA59AACE2A2361F700CBF9AE /* Assets.xcassets */; };
		AA59AAD22A2361F700CBF9AE /* LaunchScreen.storyboard in Resources */ = {isa = PBXBuildFile; fileRef = AA59AAD02A2361F700CBF9AE /* LaunchScreen.storyboard */; };
		AA59AADD2A23633800CBF9AE /* FirebaseAuth in Frameworks */ = {isa = PBXBuildFile; productRef = AA59AADC2A23633800CBF9AE /* FirebaseAuth */; };
		AA59AADF2A23633800CBF9AE /* FirebaseAuthCombine-Community in Frameworks */ = {isa = PBXBuildFile; productRef = AA59AADE2A23633800CBF9AE /* FirebaseAuthCombine-Community */; };
		AA59AAE12A23633800CBF9AE /* FirebaseDatabase in Frameworks */ = {isa = PBXBuildFile; productRef = AA59AAE02A23633800CBF9AE /* FirebaseDatabase */; };
		AA59AAE32A23633800CBF9AE /* FirebaseDatabaseSwift in Frameworks */ = {isa = PBXBuildFile; productRef = AA59AAE22A23633800CBF9AE /* FirebaseDatabaseSwift */; };
		AA59AAE52A23633800CBF9AE /* FirebaseFirestore in Frameworks */ = {isa = PBXBuildFile; productRef = AA59AAE42A23633800CBF9AE /* FirebaseFirestore */; };
		AA59AAE72A23633800CBF9AE /* FirebaseFirestoreCombine-Community in Frameworks */ = {isa = PBXBuildFile; productRef = AA59AAE62A23633800CBF9AE /* FirebaseFirestoreCombine-Community */; };
		AA59AAE92A23633800CBF9AE /* FirebaseFirestoreSwift in Frameworks */ = {isa = PBXBuildFile; productRef = AA59AAE82A23633800CBF9AE /* FirebaseFirestoreSwift */; };
		AA59AAEB2A23633800CBF9AE /* FirebaseRemoteConfig in Frameworks */ = {isa = PBXBuildFile; productRef = AA59AAEA2A23633800CBF9AE /* FirebaseRemoteConfig */; };
		AA59AAED2A23633800CBF9AE /* FirebaseRemoteConfigSwift in Frameworks */ = {isa = PBXBuildFile; productRef = AA59AAEC2A23633800CBF9AE /* FirebaseRemoteConfigSwift */; };
		AA59AAEF2A23633800CBF9AE /* FirebaseStorage in Frameworks */ = {isa = PBXBuildFile; productRef = AA59AAEE2A23633800CBF9AE /* FirebaseStorage */; };
		AA59AAF12A23633800CBF9AE /* FirebaseStorageCombine-Community in Frameworks */ = {isa = PBXBuildFile; productRef = AA59AAF02A23633800CBF9AE /* FirebaseStorageCombine-Community */; };
		AA59AAF42A23636600CBF9AE /* FSCalendar in Frameworks */ = {isa = PBXBuildFile; productRef = AA59AAF32A23636600CBF9AE /* FSCalendar */; };
		AA59AAF72A23641B00CBF9AE /* Lottie in Frameworks */ = {isa = PBXBuildFile; productRef = AA59AAF62A23641B00CBF9AE /* Lottie */; };
		AA59AAFB2A2365BD00CBF9AE /* MainViewController.swift in Sources */ = {isa = PBXBuildFile; fileRef = AA59AAFA2A2365BD00CBF9AE /* MainViewController.swift */; };
		AA59AAFD2A2366DB00CBF9AE /* launchGIF.json in Resources */ = {isa = PBXBuildFile; fileRef = AA59AAFC2A2366DB00CBF9AE /* launchGIF.json */; };
		AA59AB032A236D4C00CBF9AE /* plant2.json in Resources */ = {isa = PBXBuildFile; fileRef = AA59AAFE2A236D4C00CBF9AE /* plant2.json */; };
		AA59AB042A236D4C00CBF9AE /* plant4.json in Resources */ = {isa = PBXBuildFile; fileRef = AA59AAFF2A236D4C00CBF9AE /* plant4.json */; };
		AA59AB052A236D4C00CBF9AE /* plant3.json in Resources */ = {isa = PBXBuildFile; fileRef = AA59AB002A236D4C00CBF9AE /* plant3.json */; };
		AA59AB062A236D4C00CBF9AE /* plant1.json in Resources */ = {isa = PBXBuildFile; fileRef = AA59AB012A236D4C00CBF9AE /* plant1.json */; };
		AA59AB072A236D4C00CBF9AE /* plant5.json in Resources */ = {isa = PBXBuildFile; fileRef = AA59AB022A236D4C00CBF9AE /* plant5.json */; };
		AA59AB092A2376DC00CBF9AE /* DiaryViewController.swift in Sources */ = {isa = PBXBuildFile; fileRef = AA59AB082A2376DC00CBF9AE /* DiaryViewController.swift */; };
		AA59AB0B2A237A2C00CBF9AE /* TabBarController.swift in Sources */ = {isa = PBXBuildFile; fileRef = AA59AB0A2A237A2C00CBF9AE /* TabBarController.swift */; };
		AAC2BF632A3373F4002E1263 /* mood1.png in Resources */ = {isa = PBXBuildFile; fileRef = AAC2BF622A3373F4002E1263 /* mood1.png */; };
		AAC2BF652A337C70002E1263 /* mood2.png in Resources */ = {isa = PBXBuildFile; fileRef = AAC2BF642A337C70002E1263 /* mood2.png */; };
		AAC2BF672A337CAE002E1263 /* mood3.png in Resources */ = {isa = PBXBuildFile; fileRef = AAC2BF662A337CAE002E1263 /* mood3.png */; };
		AAC2BF6B2A337D1A002E1263 /* mood4.png in Resources */ = {isa = PBXBuildFile; fileRef = AAC2BF6A2A337D1A002E1263 /* mood4.png */; };
		AAC2BF6D2A3382C3002E1263 /* mood5.png in Resources */ = {isa = PBXBuildFile; fileRef = AAC2BF6C2A3382C3002E1263 /* mood5.png */; };
		AAC2BF712A349129002E1263 /* mood6.png in Resources */ = {isa = PBXBuildFile; fileRef = AAC2BF6E2A349120002E1263 /* mood6.png */; };
		AAC2BF732A349129002E1263 /* mood8.png in Resources */ = {isa = PBXBuildFile; fileRef = AAC2BF702A349129002E1263 /* mood8.png */; };
		AAC2BF752A349591002E1263 /* mood7.png in Resources */ = {isa = PBXBuildFile; fileRef = AAC2BF742A349591002E1263 /* mood7.png */; };
		AAC2BF7A2A3497C7002E1263 /* mood11.png in Resources */ = {isa = PBXBuildFile; fileRef = AAC2BF762A3497B9002E1263 /* mood11.png */; };
		AAC2BF7B2A3497C7002E1263 /* mood10.png in Resources */ = {isa = PBXBuildFile; fileRef = AAC2BF772A3497BE002E1263 /* mood10.png */; };
		AAC2BF7C2A3497C7002E1263 /* mood9.png in Resources */ = {isa = PBXBuildFile; fileRef = AAC2BF782A3497C3002E1263 /* mood9.png */; };
		AAC2BF7D2A3497C7002E1263 /* mood12.png in Resources */ = {isa = PBXBuildFile; fileRef = AAC2BF792A3497C7002E1263 /* mood12.png */; };
		AAC2BF892A3499BF002E1263 /* mood17.png in Resources */ = {isa = PBXBuildFile; fileRef = AAC2BF7E2A34998F002E1263 /* mood17.png */; };
		AAC2BF8A2A3499BF002E1263 /* mood16.png in Resources */ = {isa = PBXBuildFile; fileRef = AAC2BF7F2A349994002E1263 /* mood16.png */; };
		AAC2BF8B2A3499BF002E1263 /* mood18.png in Resources */ = {isa = PBXBuildFile; fileRef = AAC2BF802A349999002E1263 /* mood18.png */; };
		AAC2BF8C2A3499BF002E1263 /* mood14.png in Resources */ = {isa = PBXBuildFile; fileRef = AAC2BF812A34999F002E1263 /* mood14.png */; };
		AAC2BF8D2A3499BF002E1263 /* mood13.png in Resources */ = {isa = PBXBuildFile; fileRef = AAC2BF822A3499A3002E1263 /* mood13.png */; };
		AAC2BF8E2A3499BF002E1263 /* mood19.png in Resources */ = {isa = PBXBuildFile; fileRef = AAC2BF832A3499A9002E1263 /* mood19.png */; };
		AAC2BF8F2A3499BF002E1263 /* mood20.png in Resources */ = {isa = PBXBuildFile; fileRef = AAC2BF842A3499AE002E1263 /* mood20.png */; };
		AAC2BF902A3499BF002E1263 /* mood22.png in Resources */ = {isa = PBXBuildFile; fileRef = AAC2BF852A3499B2002E1263 /* mood22.png */; };
		AAC2BF912A3499BF002E1263 /* mood21.png in Resources */ = {isa = PBXBuildFile; fileRef = AAC2BF862A3499B7002E1263 /* mood21.png */; };
		AAC2BF922A3499BF002E1263 /* mood15.png in Resources */ = {isa = PBXBuildFile; fileRef = AAC2BF872A3499BB002E1263 /* mood15.png */; };
		AAC2BF932A3499BF002E1263 /* mood23.png in Resources */ = {isa = PBXBuildFile; fileRef = AAC2BF882A3499BF002E1263 /* mood23.png */; };
		AAC2BF952A349B0A002E1263 /* mood24.png in Resources */ = {isa = PBXBuildFile; fileRef = AAC2BF942A349B0A002E1263 /* mood24.png */; };
		AAC2BF972A349FE9002E1263 /* DiaryContentViewController.swift in Sources */ = {isa = PBXBuildFile; fileRef = AAC2BF962A349FE9002E1263 /* DiaryContentViewController.swift */; };
		AAC2BF992A350884002E1263 /* addDiary.json in Resources */ = {isa = PBXBuildFile; fileRef = AAC2BF982A350884002E1263 /* addDiary.json */; };
		AAC2BF9B2A35FAF0002E1263 /* Lock.json in Resources */ = {isa = PBXBuildFile; fileRef = AAC2BF9A2A35FAEF002E1263 /* Lock.json */; };
		AAC2BFA32A3754A8002E1263 /* weather3.png in Resources */ = {isa = PBXBuildFile; fileRef = AAC2BF9C2A375499002E1263 /* weather3.png */; };
		AAC2BFA42A3754A8002E1263 /* weather1.png in Resources */ = {isa = PBXBuildFile; fileRef = AAC2BF9D2A37549C002E1263 /* weather1.png */; };
		AAC2BFA52A3754A8002E1263 /* weather7.png in Resources */ = {isa = PBXBuildFile; fileRef = AAC2BF9E2A37549E002E1263 /* weather7.png */; };
		AAC2BFA62A3754A8002E1263 /* weather5.png in Resources */ = {isa = PBXBuildFile; fileRef = AAC2BF9F2A3754A0002E1263 /* weather5.png */; };
		AAC2BFA72A3754A8002E1263 /* weather2.png in Resources */ = {isa = PBXBuildFile; fileRef = AAC2BFA02A3754A3002E1263 /* weather2.png */; };
		AAC2BFA82A3754A8002E1263 /* weather6.png in Resources */ = {isa = PBXBuildFile; fileRef = AAC2BFA12A3754A5002E1263 /* weather6.png */; };
		AAC2BFA92A3754A8002E1263 /* weather8.png in Resources */ = {isa = PBXBuildFile; fileRef = AAC2BFA22A3754A8002E1263 /* weather8.png */; };
		AAC2BFAB2A3785CF002E1263 /* dancingDiary.json in Resources */ = {isa = PBXBuildFile; fileRef = AAC2BFAA2A3785CF002E1263 /* dancingDiary.json */; };
		AAC2BFAD2A378D60002E1263 /* weather4.png in Resources */ = {isa = PBXBuildFile; fileRef = AAC2BFAC2A378D60002E1263 /* weather4.png */; };
		AAC2BFBA2A3E37ED002E1263 /* foundOOTD.json in Resources */ = {isa = PBXBuildFile; fileRef = AAC2BFB82A3E37E9002E1263 /* foundOOTD.json */; };
		AAC2BFBB2A3E37ED002E1263 /* ootd.json in Resources */ = {isa = PBXBuildFile; fileRef = AAC2BFB92A3E37ED002E1263 /* ootd.json */; };
		AAC2BFBD2A3EFD74002E1263 /* OOTDViewController.swift in Sources */ = {isa = PBXBuildFile; fileRef = AAC2BFBC2A3EFD74002E1263 /* OOTDViewController.swift */; };
		AAC2BFBF2A3F1FD6002E1263 /* OOTDLibraryViewController.swift in Sources */ = {isa = PBXBuildFile; fileRef = AAC2BFBE2A3F1FD6002E1263 /* OOTDLibraryViewController.swift */; };
		AAC2BFC12A3F2247002E1263 /* OOTDLibraryDetailViewController.swift in Sources */ = {isa = PBXBuildFile; fileRef = AAC2BFC02A3F2247002E1263 /* OOTDLibraryDetailViewController.swift */; };
		AAC2BFC32A3F50C4002E1263 /* savePhoto.json in Resources */ = {isa = PBXBuildFile; fileRef = AAC2BFC22A3F50C4002E1263 /* savePhoto.json */; };
/* End PBXBuildFile section */

/* Begin PBXFileReference section */
		AA380AE62A23DD220053DC90 /* GoogleService-Info.plist */ = {isa = PBXFileReference; fileEncoding = 4; lastKnownFileType = text.plist.xml; path = "GoogleService-Info.plist"; sourceTree = "<group>"; };
		AA59AAC22A2361F600CBF9AE /* MyOwnLittleSpace.app */ = {isa = PBXFileReference; explicitFileType = wrapper.application; includeInIndex = 0; path = MyOwnLittleSpace.app; sourceTree = BUILT_PRODUCTS_DIR; };
		AA59AAC52A2361F600CBF9AE /* AppDelegate.swift */ = {isa = PBXFileReference; lastKnownFileType = sourcecode.swift; path = AppDelegate.swift; sourceTree = "<group>"; };
		AA59AAC72A2361F600CBF9AE /* SceneDelegate.swift */ = {isa = PBXFileReference; lastKnownFileType = sourcecode.swift; path = SceneDelegate.swift; sourceTree = "<group>"; };
		AA59AAC92A2361F600CBF9AE /* WeatherViewController.swift */ = {isa = PBXFileReference; lastKnownFileType = sourcecode.swift; path = WeatherViewController.swift; sourceTree = "<group>"; };
		AA59AACC2A2361F600CBF9AE /* Base */ = {isa = PBXFileReference; lastKnownFileType = file.storyboard; name = Base; path = Base.lproj/Main.storyboard; sourceTree = "<group>"; };
		AA59AACE2A2361F700CBF9AE /* Assets.xcassets */ = {isa = PBXFileReference; lastKnownFileType = folder.assetcatalog; path = Assets.xcassets; sourceTree = "<group>"; };
		AA59AAD12A2361F700CBF9AE /* Base */ = {isa = PBXFileReference; lastKnownFileType = file.storyboard; name = Base; path = Base.lproj/LaunchScreen.storyboard; sourceTree = "<group>"; };
		AA59AAD32A2361F700CBF9AE /* Info.plist */ = {isa = PBXFileReference; lastKnownFileType = text.plist.xml; path = Info.plist; sourceTree = "<group>"; };
		AA59AAFA2A2365BD00CBF9AE /* MainViewController.swift */ = {isa = PBXFileReference; lastKnownFileType = sourcecode.swift; path = MainViewController.swift; sourceTree = "<group>"; };
		AA59AAFC2A2366DB00CBF9AE /* launchGIF.json */ = {isa = PBXFileReference; fileEncoding = 4; lastKnownFileType = text.json; path = launchGIF.json; sourceTree = "<group>"; };
		AA59AAFE2A236D4C00CBF9AE /* plant2.json */ = {isa = PBXFileReference; fileEncoding = 4; lastKnownFileType = text.json; path = plant2.json; sourceTree = "<group>"; };
		AA59AAFF2A236D4C00CBF9AE /* plant4.json */ = {isa = PBXFileReference; fileEncoding = 4; lastKnownFileType = text.json; path = plant4.json; sourceTree = "<group>"; };
		AA59AB002A236D4C00CBF9AE /* plant3.json */ = {isa = PBXFileReference; fileEncoding = 4; lastKnownFileType = text.json; path = plant3.json; sourceTree = "<group>"; };
		AA59AB012A236D4C00CBF9AE /* plant1.json */ = {isa = PBXFileReference; fileEncoding = 4; lastKnownFileType = text.json; path = plant1.json; sourceTree = "<group>"; };
		AA59AB022A236D4C00CBF9AE /* plant5.json */ = {isa = PBXFileReference; fileEncoding = 4; lastKnownFileType = text.json; path = plant5.json; sourceTree = "<group>"; };
		AA59AB082A2376DC00CBF9AE /* DiaryViewController.swift */ = {isa = PBXFileReference; lastKnownFileType = sourcecode.swift; path = DiaryViewController.swift; sourceTree = "<group>"; };
		AA59AB0A2A237A2C00CBF9AE /* TabBarController.swift */ = {isa = PBXFileReference; lastKnownFileType = sourcecode.swift; path = TabBarController.swift; sourceTree = "<group>"; };
		AAC2BF622A3373F4002E1263 /* mood1.png */ = {isa = PBXFileReference; lastKnownFileType = image.png; path = mood1.png; sourceTree = "<group>"; };
		AAC2BF642A337C70002E1263 /* mood2.png */ = {isa = PBXFileReference; lastKnownFileType = image.png; path = mood2.png; sourceTree = "<group>"; };
		AAC2BF662A337CAE002E1263 /* mood3.png */ = {isa = PBXFileReference; lastKnownFileType = image.png; path = mood3.png; sourceTree = "<group>"; };
		AAC2BF6A2A337D1A002E1263 /* mood4.png */ = {isa = PBXFileReference; lastKnownFileType = image.png; path = mood4.png; sourceTree = "<group>"; };
		AAC2BF6C2A3382C3002E1263 /* mood5.png */ = {isa = PBXFileReference; lastKnownFileType = image.png; path = mood5.png; sourceTree = "<group>"; };
		AAC2BF6E2A349120002E1263 /* mood6.png */ = {isa = PBXFileReference; lastKnownFileType = image.png; path = mood6.png; sourceTree = "<group>"; };
		AAC2BF702A349129002E1263 /* mood8.png */ = {isa = PBXFileReference; lastKnownFileType = image.png; path = mood8.png; sourceTree = "<group>"; };
		AAC2BF742A349591002E1263 /* mood7.png */ = {isa = PBXFileReference; lastKnownFileType = image.png; path = mood7.png; sourceTree = "<group>"; };
		AAC2BF762A3497B9002E1263 /* mood11.png */ = {isa = PBXFileReference; lastKnownFileType = image.png; path = mood11.png; sourceTree = "<group>"; };
		AAC2BF772A3497BE002E1263 /* mood10.png */ = {isa = PBXFileReference; lastKnownFileType = image.png; path = mood10.png; sourceTree = "<group>"; };
		AAC2BF782A3497C3002E1263 /* mood9.png */ = {isa = PBXFileReference; lastKnownFileType = image.png; path = mood9.png; sourceTree = "<group>"; };
		AAC2BF792A3497C7002E1263 /* mood12.png */ = {isa = PBXFileReference; lastKnownFileType = image.png; path = mood12.png; sourceTree = "<group>"; };
		AAC2BF7E2A34998F002E1263 /* mood17.png */ = {isa = PBXFileReference; lastKnownFileType = image.png; path = mood17.png; sourceTree = "<group>"; };
		AAC2BF7F2A349994002E1263 /* mood16.png */ = {isa = PBXFileReference; lastKnownFileType = image.png; path = mood16.png; sourceTree = "<group>"; };
		AAC2BF802A349999002E1263 /* mood18.png */ = {isa = PBXFileReference; lastKnownFileType = image.png; path = mood18.png; sourceTree = "<group>"; };
		AAC2BF812A34999F002E1263 /* mood14.png */ = {isa = PBXFileReference; lastKnownFileType = image.png; path = mood14.png; sourceTree = "<group>"; };
		AAC2BF822A3499A3002E1263 /* mood13.png */ = {isa = PBXFileReference; lastKnownFileType = image.png; path = mood13.png; sourceTree = "<group>"; };
		AAC2BF832A3499A9002E1263 /* mood19.png */ = {isa = PBXFileReference; lastKnownFileType = image.png; path = mood19.png; sourceTree = "<group>"; };
		AAC2BF842A3499AE002E1263 /* mood20.png */ = {isa = PBXFileReference; lastKnownFileType = image.png; path = mood20.png; sourceTree = "<group>"; };
		AAC2BF852A3499B2002E1263 /* mood22.png */ = {isa = PBXFileReference; lastKnownFileType = image.png; path = mood22.png; sourceTree = "<group>"; };
		AAC2BF862A3499B7002E1263 /* mood21.png */ = {isa = PBXFileReference; lastKnownFileType = image.png; path = mood21.png; sourceTree = "<group>"; };
		AAC2BF872A3499BB002E1263 /* mood15.png */ = {isa = PBXFileReference; lastKnownFileType = image.png; path = mood15.png; sourceTree = "<group>"; };
		AAC2BF882A3499BF002E1263 /* mood23.png */ = {isa = PBXFileReference; lastKnownFileType = image.png; path = mood23.png; sourceTree = "<group>"; };
		AAC2BF942A349B0A002E1263 /* mood24.png */ = {isa = PBXFileReference; lastKnownFileType = image.png; path = mood24.png; sourceTree = "<group>"; };
		AAC2BF962A349FE9002E1263 /* DiaryContentViewController.swift */ = {isa = PBXFileReference; lastKnownFileType = sourcecode.swift; path = DiaryContentViewController.swift; sourceTree = "<group>"; };
		AAC2BF982A350884002E1263 /* addDiary.json */ = {isa = PBXFileReference; fileEncoding = 4; lastKnownFileType = text.json; path = addDiary.json; sourceTree = "<group>"; };
		AAC2BF9A2A35FAEF002E1263 /* Lock.json */ = {isa = PBXFileReference; fileEncoding = 4; lastKnownFileType = text.json; path = Lock.json; sourceTree = "<group>"; };
		AAC2BF9C2A375499002E1263 /* weather3.png */ = {isa = PBXFileReference; lastKnownFileType = image.png; path = weather3.png; sourceTree = "<group>"; };
		AAC2BF9D2A37549C002E1263 /* weather1.png */ = {isa = PBXFileReference; lastKnownFileType = image.png; path = weather1.png; sourceTree = "<group>"; };
		AAC2BF9E2A37549E002E1263 /* weather7.png */ = {isa = PBXFileReference; lastKnownFileType = image.png; path = weather7.png; sourceTree = "<group>"; };
		AAC2BF9F2A3754A0002E1263 /* weather5.png */ = {isa = PBXFileReference; lastKnownFileType = image.png; path = weather5.png; sourceTree = "<group>"; };
		AAC2BFA02A3754A3002E1263 /* weather2.png */ = {isa = PBXFileReference; lastKnownFileType = image.png; path = weather2.png; sourceTree = "<group>"; };
		AAC2BFA12A3754A5002E1263 /* weather6.png */ = {isa = PBXFileReference; lastKnownFileType = image.png; path = weather6.png; sourceTree = "<group>"; };
		AAC2BFA22A3754A8002E1263 /* weather8.png */ = {isa = PBXFileReference; lastKnownFileType = image.png; path = weather8.png; sourceTree = "<group>"; };
		AAC2BFAA2A3785CF002E1263 /* dancingDiary.json */ = {isa = PBXFileReference; fileEncoding = 4; lastKnownFileType = text.json; path = dancingDiary.json; sourceTree = "<group>"; };
		AAC2BFAC2A378D60002E1263 /* weather4.png */ = {isa = PBXFileReference; lastKnownFileType = image.png; path = weather4.png; sourceTree = "<group>"; };
		AAC2BFB82A3E37E9002E1263 /* foundOOTD.json */ = {isa = PBXFileReference; fileEncoding = 4; lastKnownFileType = text.json; path = foundOOTD.json; sourceTree = "<group>"; };
		AAC2BFB92A3E37ED002E1263 /* ootd.json */ = {isa = PBXFileReference; fileEncoding = 4; lastKnownFileType = text.json; path = ootd.json; sourceTree = "<group>"; };
		AAC2BFBC2A3EFD74002E1263 /* OOTDViewController.swift */ = {isa = PBXFileReference; lastKnownFileType = sourcecode.swift; path = OOTDViewController.swift; sourceTree = "<group>"; };
		AAC2BFBE2A3F1FD6002E1263 /* OOTDLibraryViewController.swift */ = {isa = PBXFileReference; lastKnownFileType = sourcecode.swift; path = OOTDLibraryViewController.swift; sourceTree = "<group>"; };
		AAC2BFC02A3F2247002E1263 /* OOTDLibraryDetailViewController.swift */ = {isa = PBXFileReference; lastKnownFileType = sourcecode.swift; path = OOTDLibraryDetailViewController.swift; sourceTree = "<group>"; };
		AAC2BFC22A3F50C4002E1263 /* savePhoto.json */ = {isa = PBXFileReference; fileEncoding = 4; lastKnownFileType = text.json; path = savePhoto.json; sourceTree = "<group>"; };
/* End PBXFileReference section */

/* Begin PBXFrameworksBuildPhase section */
		AA59AABF2A2361F600CBF9AE /* Frameworks */ = {
			isa = PBXFrameworksBuildPhase;
			buildActionMask = 2147483647;
			files = (
				AA59AAF72A23641B00CBF9AE /* Lottie in Frameworks */,
				AA380AE22A23C9B40053DC90 /* Alamofire in Frameworks */,
				AA59AAF12A23633800CBF9AE /* FirebaseStorageCombine-Community in Frameworks */,
				AA380AE52A23C9D70053DC90 /* SwiftyJSON in Frameworks */,
				AA59AAF42A23636600CBF9AE /* FSCalendar in Frameworks */,
				AA59AAE32A23633800CBF9AE /* FirebaseDatabaseSwift in Frameworks */,
				AA59AAE12A23633800CBF9AE /* FirebaseDatabase in Frameworks */,
				AA59AADD2A23633800CBF9AE /* FirebaseAuth in Frameworks */,
				AA59AAEF2A23633800CBF9AE /* FirebaseStorage in Frameworks */,
				AA59AAED2A23633800CBF9AE /* FirebaseRemoteConfigSwift in Frameworks */,
				AA59AAE92A23633800CBF9AE /* FirebaseFirestoreSwift in Frameworks */,
				AA59AAE72A23633800CBF9AE /* FirebaseFirestoreCombine-Community in Frameworks */,
				AA59AAE52A23633800CBF9AE /* FirebaseFirestore in Frameworks */,
				AA59AADF2A23633800CBF9AE /* FirebaseAuthCombine-Community in Frameworks */,
				AA59AAEB2A23633800CBF9AE /* FirebaseRemoteConfig in Frameworks */,
			);
			runOnlyForDeploymentPostprocessing = 0;
		};
/* End PBXFrameworksBuildPhase section */

/* Begin PBXGroup section */
		AA59AAB92A2361F600CBF9AE = {
			isa = PBXGroup;
			children = (
				AA59AAC42A2361F600CBF9AE /* MyOwnLittleSpace */,
				AA59AAC32A2361F600CBF9AE /* Products */,
			);
			sourceTree = "<group>";
		};
		AA59AAC32A2361F600CBF9AE /* Products */ = {
			isa = PBXGroup;
			children = (
				AA59AAC22A2361F600CBF9AE /* MyOwnLittleSpace.app */,
			);
			name = Products;
			sourceTree = "<group>";
		};
		AA59AAC42A2361F600CBF9AE /* MyOwnLittleSpace */ = {
			isa = PBXGroup;
			children = (
				AA59AAC52A2361F600CBF9AE /* AppDelegate.swift */,
				AA59AAC72A2361F600CBF9AE /* SceneDelegate.swift */,
				AA59AB0A2A237A2C00CBF9AE /* TabBarController.swift */,
				AA59AAFA2A2365BD00CBF9AE /* MainViewController.swift */,
				AA59AAC92A2361F600CBF9AE /* WeatherViewController.swift */,
				AAC2BFBC2A3EFD74002E1263 /* OOTDViewController.swift */,
				AAC2BFBE2A3F1FD6002E1263 /* OOTDLibraryViewController.swift */,
				AAC2BFC02A3F2247002E1263 /* OOTDLibraryDetailViewController.swift */,
				AA59AB082A2376DC00CBF9AE /* DiaryViewController.swift */,
				AAC2BF962A349FE9002E1263 /* DiaryContentViewController.swift */,
				AA59AACB2A2361F600CBF9AE /* Main.storyboard */,
				AA59AACE2A2361F700CBF9AE /* Assets.xcassets */,
				AA59AAD02A2361F700CBF9AE /* LaunchScreen.storyboard */,
				AA59AAD32A2361F700CBF9AE /* Info.plist */,
				AA380AE62A23DD220053DC90 /* GoogleService-Info.plist */,
				AA59AAFC2A2366DB00CBF9AE /* launchGIF.json */,
				AAC2BF982A350884002E1263 /* addDiary.json */,
				AAC2BFAA2A3785CF002E1263 /* dancingDiary.json */,
				AAC2BFC22A3F50C4002E1263 /* savePhoto.json */,
				AAC2BF9A2A35FAEF002E1263 /* Lock.json */,
				AAC2BFB82A3E37E9002E1263 /* foundOOTD.json */,
				AAC2BFB92A3E37ED002E1263 /* ootd.json */,
				AA59AB012A236D4C00CBF9AE /* plant1.json */,
				AA59AAFE2A236D4C00CBF9AE /* plant2.json */,
				AA59AB002A236D4C00CBF9AE /* plant3.json */,
				AA59AAFF2A236D4C00CBF9AE /* plant4.json */,
				AA59AB022A236D4C00CBF9AE /* plant5.json */,
				AAC2BF9D2A37549C002E1263 /* weather1.png */,
				AAC2BFA02A3754A3002E1263 /* weather2.png */,
				AAC2BF9C2A375499002E1263 /* weather3.png */,
				AAC2BFAC2A378D60002E1263 /* weather4.png */,
				AAC2BF9F2A3754A0002E1263 /* weather5.png */,
				AAC2BFA12A3754A5002E1263 /* weather6.png */,
				AAC2BF9E2A37549E002E1263 /* weather7.png */,
				AAC2BFA22A3754A8002E1263 /* weather8.png */,
				AAC2BF622A3373F4002E1263 /* mood1.png */,
				AAC2BF642A337C70002E1263 /* mood2.png */,
				AAC2BF662A337CAE002E1263 /* mood3.png */,
				AAC2BF6A2A337D1A002E1263 /* mood4.png */,
				AAC2BF6C2A3382C3002E1263 /* mood5.png */,
				AAC2BF6E2A349120002E1263 /* mood6.png */,
				AAC2BF742A349591002E1263 /* mood7.png */,
				AAC2BF702A349129002E1263 /* mood8.png */,
				AAC2BF782A3497C3002E1263 /* mood9.png */,
				AAC2BF772A3497BE002E1263 /* mood10.png */,
				AAC2BF762A3497B9002E1263 /* mood11.png */,
				AAC2BF792A3497C7002E1263 /* mood12.png */,
				AAC2BF822A3499A3002E1263 /* mood13.png */,
				AAC2BF812A34999F002E1263 /* mood14.png */,
				AAC2BF872A3499BB002E1263 /* mood15.png */,
				AAC2BF7F2A349994002E1263 /* mood16.png */,
				AAC2BF7E2A34998F002E1263 /* mood17.png */,
				AAC2BF802A349999002E1263 /* mood18.png */,
				AAC2BF832A3499A9002E1263 /* mood19.png */,
				AAC2BF842A3499AE002E1263 /* mood20.png */,
				AAC2BF862A3499B7002E1263 /* mood21.png */,
				AAC2BF852A3499B2002E1263 /* mood22.png */,
				AAC2BF882A3499BF002E1263 /* mood23.png */,
				AAC2BF942A349B0A002E1263 /* mood24.png */,
			);
			path = MyOwnLittleSpace;
			sourceTree = "<group>";
		};
/* End PBXGroup section */

/* Begin PBXNativeTarget section */
		AA59AAC12A2361F600CBF9AE /* MyOwnLittleSpace */ = {
			isa = PBXNativeTarget;
			buildConfigurationList = AA59AAD62A2361F700CBF9AE /* Build configuration list for PBXNativeTarget "MyOwnLittleSpace" */;
			buildPhases = (
				AA59AABE2A2361F600CBF9AE /* Sources */,
				AA59AABF2A2361F600CBF9AE /* Frameworks */,
				AA59AAC02A2361F600CBF9AE /* Resources */,
			);
			buildRules = (
			);
			dependencies = (
			);
			name = MyOwnLittleSpace;
			packageProductDependencies = (
				AA59AADC2A23633800CBF9AE /* FirebaseAuth */,
				AA59AADE2A23633800CBF9AE /* FirebaseAuthCombine-Community */,
				AA59AAE02A23633800CBF9AE /* FirebaseDatabase */,
				AA59AAE22A23633800CBF9AE /* FirebaseDatabaseSwift */,
				AA59AAE42A23633800CBF9AE /* FirebaseFirestore */,
				AA59AAE62A23633800CBF9AE /* FirebaseFirestoreCombine-Community */,
				AA59AAE82A23633800CBF9AE /* FirebaseFirestoreSwift */,
				AA59AAEA2A23633800CBF9AE /* FirebaseRemoteConfig */,
				AA59AAEC2A23633800CBF9AE /* FirebaseRemoteConfigSwift */,
				AA59AAEE2A23633800CBF9AE /* FirebaseStorage */,
				AA59AAF02A23633800CBF9AE /* FirebaseStorageCombine-Community */,
				AA59AAF32A23636600CBF9AE /* FSCalendar */,
				AA59AAF62A23641B00CBF9AE /* Lottie */,
				AA380AE12A23C9B40053DC90 /* Alamofire */,
				AA380AE42A23C9D70053DC90 /* SwiftyJSON */,
			);
			productName = MyOwnLittleSpace;
			productReference = AA59AAC22A2361F600CBF9AE /* MyOwnLittleSpace.app */;
			productType = "com.apple.product-type.application";
		};
/* End PBXNativeTarget section */

/* Begin PBXProject section */
		AA59AABA2A2361F600CBF9AE /* Project object */ = {
			isa = PBXProject;
			attributes = {
				BuildIndependentTargetsInParallel = 1;
				LastSwiftUpdateCheck = 1420;
				LastUpgradeCheck = 1420;
				TargetAttributes = {
					AA59AAC12A2361F600CBF9AE = {
						CreatedOnToolsVersion = 14.2;
					};
				};
			};
			buildConfigurationList = AA59AABD2A2361F600CBF9AE /* Build configuration list for PBXProject "MyOwnLittleSpace" */;
			compatibilityVersion = "Xcode 14.0";
			developmentRegion = en;
			hasScannedForEncodings = 0;
			knownRegions = (
				en,
				Base,
			);
			mainGroup = AA59AAB92A2361F600CBF9AE;
			packageReferences = (
				AA59AADB2A23633700CBF9AE /* XCRemoteSwiftPackageReference "firebase-ios-sdk" */,
				AA59AAF22A23636600CBF9AE /* XCRemoteSwiftPackageReference "FSCalendar" */,
				AA59AAF52A23641B00CBF9AE /* XCRemoteSwiftPackageReference "lottie-ios" */,
				AA380AE02A23C9B40053DC90 /* XCRemoteSwiftPackageReference "Alamofire" */,
				AA380AE32A23C9D70053DC90 /* XCRemoteSwiftPackageReference "SwiftyJSON" */,
			);
			productRefGroup = AA59AAC32A2361F600CBF9AE /* Products */;
			projectDirPath = "";
			projectRoot = "";
			targets = (
				AA59AAC12A2361F600CBF9AE /* MyOwnLittleSpace */,
			);
		};
/* End PBXProject section */

/* Begin PBXResourcesBuildPhase section */
		AA59AAC02A2361F600CBF9AE /* Resources */ = {
			isa = PBXResourcesBuildPhase;
			buildActionMask = 2147483647;
			files = (
				AAC2BF8D2A3499BF002E1263 /* mood13.png in Resources */,
				AAC2BF712A349129002E1263 /* mood6.png in Resources */,
				AAC2BF9B2A35FAF0002E1263 /* Lock.json in Resources */,
				AAC2BFA62A3754A8002E1263 /* weather5.png in Resources */,
				AAC2BF6D2A3382C3002E1263 /* mood5.png in Resources */,
				AAC2BF8A2A3499BF002E1263 /* mood16.png in Resources */,
				AAC2BF992A350884002E1263 /* addDiary.json in Resources */,
				AAC2BF7A2A3497C7002E1263 /* mood11.png in Resources */,
				AAC2BFBA2A3E37ED002E1263 /* foundOOTD.json in Resources */,
				AAC2BFAD2A378D60002E1263 /* weather4.png in Resources */,
				AAC2BF7B2A3497C7002E1263 /* mood10.png in Resources */,
				AAC2BF732A349129002E1263 /* mood8.png in Resources */,
				AAC2BF752A349591002E1263 /* mood7.png in Resources */,
				AAC2BF8B2A3499BF002E1263 /* mood18.png in Resources */,
				AAC2BFA92A3754A8002E1263 /* weather8.png in Resources */,
				AAC2BF672A337CAE002E1263 /* mood3.png in Resources */,
				AA59AAD22A2361F700CBF9AE /* LaunchScreen.storyboard in Resources */,
				AA59AACF2A2361F700CBF9AE /* Assets.xcassets in Resources */,
				AAC2BF952A349B0A002E1263 /* mood24.png in Resources */,
				AA59AAFD2A2366DB00CBF9AE /* launchGIF.json in Resources */,
				AA59AB062A236D4C00CBF9AE /* plant1.json in Resources */,
				AAC2BF632A3373F4002E1263 /* mood1.png in Resources */,
				AAC2BF912A3499BF002E1263 /* mood21.png in Resources */,
				AAC2BFA82A3754A8002E1263 /* weather6.png in Resources */,
				AAC2BF7C2A3497C7002E1263 /* mood9.png in Resources */,
				AAC2BF932A3499BF002E1263 /* mood23.png in Resources */,
				AAC2BF652A337C70002E1263 /* mood2.png in Resources */,
				AA59AACD2A2361F600CBF9AE /* Main.storyboard in Resources */,
				AAC2BF7D2A3497C7002E1263 /* mood12.png in Resources */,
				AAC2BFA32A3754A8002E1263 /* weather3.png in Resources */,
				AA59AB042A236D4C00CBF9AE /* plant4.json in Resources */,
				AA59AB032A236D4C00CBF9AE /* plant2.json in Resources */,
				AAC2BF8F2A3499BF002E1263 /* mood20.png in Resources */,
				AA380AE72A23DD220053DC90 /* GoogleService-Info.plist in Resources */,
				AAC2BFA52A3754A8002E1263 /* weather7.png in Resources */,
				AAC2BFA72A3754A8002E1263 /* weather2.png in Resources */,
				AAC2BF922A3499BF002E1263 /* mood15.png in Resources */,
				AAC2BF8E2A3499BF002E1263 /* mood19.png in Resources */,
				AAC2BF902A3499BF002E1263 /* mood22.png in Resources */,
				AAC2BFBB2A3E37ED002E1263 /* ootd.json in Resources */,
				AAC2BF892A3499BF002E1263 /* mood17.png in Resources */,
				AAC2BFAB2A3785CF002E1263 /* dancingDiary.json in Resources */,
				AA59AB072A236D4C00CBF9AE /* plant5.json in Resources */,
				AAC2BFA42A3754A8002E1263 /* weather1.png in Resources */,
				AA59AB052A236D4C00CBF9AE /* plant3.json in Resources */,
				AAC2BF6B2A337D1A002E1263 /* mood4.png in Resources */,
				AAC2BF8C2A3499BF002E1263 /* mood14.png in Resources */,
				AAC2BFC32A3F50C4002E1263 /* savePhoto.json in Resources */,
			);
			runOnlyForDeploymentPostprocessing = 0;
		};
/* End PBXResourcesBuildPhase section */

/* Begin PBXSourcesBuildPhase section */
		AA59AABE2A2361F600CBF9AE /* Sources */ = {
			isa = PBXSourcesBuildPhase;
			buildActionMask = 2147483647;
			files = (
				AAC2BFBD2A3EFD74002E1263 /* OOTDViewController.swift in Sources */,
				AA59AACA2A2361F600CBF9AE /* WeatherViewController.swift in Sources */,
				AAC2BF972A349FE9002E1263 /* DiaryContentViewController.swift in Sources */,
				AAC2BFC12A3F2247002E1263 /* OOTDLibraryDetailViewController.swift in Sources */,
				AA59AB092A2376DC00CBF9AE /* DiaryViewController.swift in Sources */,
				AA59AAC62A2361F600CBF9AE /* AppDelegate.swift in Sources */,
				AA59AB0B2A237A2C00CBF9AE /* TabBarController.swift in Sources */,
				AA59AAC82A2361F600CBF9AE /* SceneDelegate.swift in Sources */,
				AA59AAFB2A2365BD00CBF9AE /* MainViewController.swift in Sources */,
				AAC2BFBF2A3F1FD6002E1263 /* OOTDLibraryViewController.swift in Sources */,
			);
			runOnlyForDeploymentPostprocessing = 0;
		};
/* End PBXSourcesBuildPhase section */

/* Begin PBXVariantGroup section */
		AA59AACB2A2361F600CBF9AE /* Main.storyboard */ = {
			isa = PBXVariantGroup;
			children = (
				AA59AACC2A2361F600CBF9AE /* Base */,
			);
			name = Main.storyboard;
			sourceTree = "<group>";
		};
		AA59AAD02A2361F700CBF9AE /* LaunchScreen.storyboard */ = {
			isa = PBXVariantGroup;
			children = (
				AA59AAD12A2361F700CBF9AE /* Base */,
			);
			name = LaunchScreen.storyboard;
			sourceTree = "<group>";
		};
/* End PBXVariantGroup section */

/* Begin XCBuildConfiguration section */
		AA59AAD42A2361F700CBF9AE /* Debug */ = {
			isa = XCBuildConfiguration;
			buildSettings = {
				ALWAYS_SEARCH_USER_PATHS = NO;
				CLANG_ANALYZER_NONNULL = YES;
				CLANG_ANALYZER_NUMBER_OBJECT_CONVERSION = YES_AGGRESSIVE;
				CLANG_CXX_LANGUAGE_STANDARD = "gnu++20";
				CLANG_ENABLE_MODULES = YES;
				CLANG_ENABLE_OBJC_ARC = YES;
				CLANG_ENABLE_OBJC_WEAK = YES;
				CLANG_WARN_BLOCK_CAPTURE_AUTORELEASING = YES;
				CLANG_WARN_BOOL_CONVERSION = YES;
				CLANG_WARN_COMMA = YES;
				CLANG_WARN_CONSTANT_CONVERSION = YES;
				CLANG_WARN_DEPRECATED_OBJC_IMPLEMENTATIONS = YES;
				CLANG_WARN_DIRECT_OBJC_ISA_USAGE = YES_ERROR;
				CLANG_WARN_DOCUMENTATION_COMMENTS = YES;
				CLANG_WARN_EMPTY_BODY = YES;
				CLANG_WARN_ENUM_CONVERSION = YES;
				CLANG_WARN_INFINITE_RECURSION = YES;
				CLANG_WARN_INT_CONVERSION = YES;
				CLANG_WARN_NON_LITERAL_NULL_CONVERSION = YES;
				CLANG_WARN_OBJC_IMPLICIT_RETAIN_SELF = YES;
				CLANG_WARN_OBJC_LITERAL_CONVERSION = YES;
				CLANG_WARN_OBJC_ROOT_CLASS = YES_ERROR;
				CLANG_WARN_QUOTED_INCLUDE_IN_FRAMEWORK_HEADER = YES;
				CLANG_WARN_RANGE_LOOP_ANALYSIS = YES;
				CLANG_WARN_STRICT_PROTOTYPES = YES;
				CLANG_WARN_SUSPICIOUS_MOVE = YES;
				CLANG_WARN_UNGUARDED_AVAILABILITY = YES_AGGRESSIVE;
				CLANG_WARN_UNREACHABLE_CODE = YES;
				CLANG_WARN__DUPLICATE_METHOD_MATCH = YES;
				COPY_PHASE_STRIP = NO;
				DEBUG_INFORMATION_FORMAT = dwarf;
				ENABLE_STRICT_OBJC_MSGSEND = YES;
				ENABLE_TESTABILITY = YES;
				GCC_C_LANGUAGE_STANDARD = gnu11;
				GCC_DYNAMIC_NO_PIC = NO;
				GCC_NO_COMMON_BLOCKS = YES;
				GCC_OPTIMIZATION_LEVEL = 0;
				GCC_PREPROCESSOR_DEFINITIONS = (
					"DEBUG=1",
					"$(inherited)",
				);
				GCC_WARN_64_TO_32_BIT_CONVERSION = YES;
				GCC_WARN_ABOUT_RETURN_TYPE = YES_ERROR;
				GCC_WARN_UNDECLARED_SELECTOR = YES;
				GCC_WARN_UNINITIALIZED_AUTOS = YES_AGGRESSIVE;
				GCC_WARN_UNUSED_FUNCTION = YES;
				GCC_WARN_UNUSED_VARIABLE = YES;
				IPHONEOS_DEPLOYMENT_TARGET = 16.0;
				MTL_ENABLE_DEBUG_INFO = INCLUDE_SOURCE;
				MTL_FAST_MATH = YES;
				ONLY_ACTIVE_ARCH = YES;
				SDKROOT = iphoneos;
				SWIFT_ACTIVE_COMPILATION_CONDITIONS = DEBUG;
				SWIFT_OPTIMIZATION_LEVEL = "-Onone";
			};
			name = Debug;
		};
		AA59AAD52A2361F700CBF9AE /* Release */ = {
			isa = XCBuildConfiguration;
			buildSettings = {
				ALWAYS_SEARCH_USER_PATHS = NO;
				CLANG_ANALYZER_NONNULL = YES;
				CLANG_ANALYZER_NUMBER_OBJECT_CONVERSION = YES_AGGRESSIVE;
				CLANG_CXX_LANGUAGE_STANDARD = "gnu++20";
				CLANG_ENABLE_MODULES = YES;
				CLANG_ENABLE_OBJC_ARC = YES;
				CLANG_ENABLE_OBJC_WEAK = YES;
				CLANG_WARN_BLOCK_CAPTURE_AUTORELEASING = YES;
				CLANG_WARN_BOOL_CONVERSION = YES;
				CLANG_WARN_COMMA = YES;
				CLANG_WARN_CONSTANT_CONVERSION = YES;
				CLANG_WARN_DEPRECATED_OBJC_IMPLEMENTATIONS = YES;
				CLANG_WARN_DIRECT_OBJC_ISA_USAGE = YES_ERROR;
				CLANG_WARN_DOCUMENTATION_COMMENTS = YES;
				CLANG_WARN_EMPTY_BODY = YES;
				CLANG_WARN_ENUM_CONVERSION = YES;
				CLANG_WARN_INFINITE_RECURSION = YES;
				CLANG_WARN_INT_CONVERSION = YES;
				CLANG_WARN_NON_LITERAL_NULL_CONVERSION = YES;
				CLANG_WARN_OBJC_IMPLICIT_RETAIN_SELF = YES;
				CLANG_WARN_OBJC_LITERAL_CONVERSION = YES;
				CLANG_WARN_OBJC_ROOT_CLASS = YES_ERROR;
				CLANG_WARN_QUOTED_INCLUDE_IN_FRAMEWORK_HEADER = YES;
				CLANG_WARN_RANGE_LOOP_ANALYSIS = YES;
				CLANG_WARN_STRICT_PROTOTYPES = YES;
				CLANG_WARN_SUSPICIOUS_MOVE = YES;
				CLANG_WARN_UNGUARDED_AVAILABILITY = YES_AGGRESSIVE;
				CLANG_WARN_UNREACHABLE_CODE = YES;
				CLANG_WARN__DUPLICATE_METHOD_MATCH = YES;
				COPY_PHASE_STRIP = NO;
				DEBUG_INFORMATION_FORMAT = "dwarf-with-dsym";
				ENABLE_NS_ASSERTIONS = NO;
				ENABLE_STRICT_OBJC_MSGSEND = YES;
				GCC_C_LANGUAGE_STANDARD = gnu11;
				GCC_NO_COMMON_BLOCKS = YES;
				GCC_WARN_64_TO_32_BIT_CONVERSION = YES;
				GCC_WARN_ABOUT_RETURN_TYPE = YES_ERROR;
				GCC_WARN_UNDECLARED_SELECTOR = YES;
				GCC_WARN_UNINITIALIZED_AUTOS = YES_AGGRESSIVE;
				GCC_WARN_UNUSED_FUNCTION = YES;
				GCC_WARN_UNUSED_VARIABLE = YES;
				IPHONEOS_DEPLOYMENT_TARGET = 16.0;
				MTL_ENABLE_DEBUG_INFO = NO;
				MTL_FAST_MATH = YES;
				SDKROOT = iphoneos;
				SWIFT_COMPILATION_MODE = wholemodule;
				SWIFT_OPTIMIZATION_LEVEL = "-O";
				VALIDATE_PRODUCT = YES;
			};
			name = Release;
		};
		AA59AAD72A2361F700CBF9AE /* Debug */ = {
			isa = XCBuildConfiguration;
			buildSettings = {
				ASSETCATALOG_COMPILER_APPICON_NAME = AppIcon;
				ASSETCATALOG_COMPILER_GLOBAL_ACCENT_COLOR_NAME = AccentColor;
				CODE_SIGN_STYLE = Automatic;
				CURRENT_PROJECT_VERSION = 1;
				DEVELOPMENT_TEAM = DZWZ6A6DP9;
				GENERATE_INFOPLIST_FILE = YES;
				INFOPLIST_FILE = MyOwnLittleSpace/Info.plist;
				INFOPLIST_KEY_UIApplicationSupportsIndirectInputEvents = YES;
				INFOPLIST_KEY_UILaunchStoryboardName = LaunchScreen;
				INFOPLIST_KEY_UIMainStoryboardFile = Main;
				INFOPLIST_KEY_UISupportedInterfaceOrientations_iPad = "UIInterfaceOrientationPortrait UIInterfaceOrientationPortraitUpsideDown UIInterfaceOrientationLandscapeLeft UIInterfaceOrientationLandscapeRight";
				INFOPLIST_KEY_UISupportedInterfaceOrientations_iPhone = "UIInterfaceOrientationPortrait UIInterfaceOrientationLandscapeLeft UIInterfaceOrientationLandscapeRight";
				LD_RUNPATH_SEARCH_PATHS = (
					"$(inherited)",
					"@executable_path/Frameworks",
				);
				MARKETING_VERSION = 1.0;
				PRODUCT_BUNDLE_IDENTIFIER = hobinchoi.MyOwnLittleSpace;
				PRODUCT_NAME = "$(TARGET_NAME)";
				SWIFT_EMIT_LOC_STRINGS = YES;
				SWIFT_VERSION = 5.0;
				TARGETED_DEVICE_FAMILY = "1,2";
			};
			name = Debug;
		};
		AA59AAD82A2361F700CBF9AE /* Release */ = {
			isa = XCBuildConfiguration;
			buildSettings = {
				ASSETCATALOG_COMPILER_APPICON_NAME = AppIcon;
				ASSETCATALOG_COMPILER_GLOBAL_ACCENT_COLOR_NAME = AccentColor;
				CODE_SIGN_STYLE = Automatic;
				CURRENT_PROJECT_VERSION = 1;
				DEVELOPMENT_TEAM = DZWZ6A6DP9;
				GENERATE_INFOPLIST_FILE = YES;
				INFOPLIST_FILE = MyOwnLittleSpace/Info.plist;
				INFOPLIST_KEY_UIApplicationSupportsIndirectInputEvents = YES;
				INFOPLIST_KEY_UILaunchStoryboardName = LaunchScreen;
				INFOPLIST_KEY_UIMainStoryboardFile = Main;
				INFOPLIST_KEY_UISupportedInterfaceOrientations_iPad = "UIInterfaceOrientationPortrait UIInterfaceOrientationPortraitUpsideDown UIInterfaceOrientationLandscapeLeft UIInterfaceOrientationLandscapeRight";
				INFOPLIST_KEY_UISupportedInterfaceOrientations_iPhone = "UIInterfaceOrientationPortrait UIInterfaceOrientationLandscapeLeft UIInterfaceOrientationLandscapeRight";
				LD_RUNPATH_SEARCH_PATHS = (
					"$(inherited)",
					"@executable_path/Frameworks",
				);
				MARKETING_VERSION = 1.0;
				PRODUCT_BUNDLE_IDENTIFIER = hobinchoi.MyOwnLittleSpace;
				PRODUCT_NAME = "$(TARGET_NAME)";
				SWIFT_EMIT_LOC_STRINGS = YES;
				SWIFT_VERSION = 5.0;
				TARGETED_DEVICE_FAMILY = "1,2";
			};
			name = Release;
		};
/* End XCBuildConfiguration section */

/* Begin XCConfigurationList section */
		AA59AABD2A2361F600CBF9AE /* Build configuration list for PBXProject "MyOwnLittleSpace" */ = {
			isa = XCConfigurationList;
			buildConfigurations = (
				AA59AAD42A2361F700CBF9AE /* Debug */,
				AA59AAD52A2361F700CBF9AE /* Release */,
			);
			defaultConfigurationIsVisible = 0;
			defaultConfigurationName = Release;
		};
		AA59AAD62A2361F700CBF9AE /* Build configuration list for PBXNativeTarget "MyOwnLittleSpace" */ = {
			isa = XCConfigurationList;
			buildConfigurations = (
				AA59AAD72A2361F700CBF9AE /* Debug */,
				AA59AAD82A2361F700CBF9AE /* Release */,
			);
			defaultConfigurationIsVisible = 0;
			defaultConfigurationName = Release;
		};
/* End XCConfigurationList section */

/* Begin XCRemoteSwiftPackageReference section */
		AA380AE02A23C9B40053DC90 /* XCRemoteSwiftPackageReference "Alamofire" */ = {
			isa = XCRemoteSwiftPackageReference;
			repositoryURL = "https://github.com/Alamofire/Alamofire.git";
			requirement = {
				kind = upToNextMajorVersion;
				minimumVersion = 5.0.0;
			};
		};
		AA380AE32A23C9D70053DC90 /* XCRemoteSwiftPackageReference "SwiftyJSON" */ = {
			isa = XCRemoteSwiftPackageReference;
			repositoryURL = "https://github.com/SwiftyJSON/SwiftyJSON.git";
			requirement = {
				kind = upToNextMajorVersion;
				minimumVersion = 5.0.0;
			};
		};
		AA59AADB2A23633700CBF9AE /* XCRemoteSwiftPackageReference "firebase-ios-sdk" */ = {
			isa = XCRemoteSwiftPackageReference;
			repositoryURL = "https://github.com/firebase/firebase-ios-sdk";
			requirement = {
				branch = master;
				kind = branch;
			};
		};
		AA59AAF22A23636600CBF9AE /* XCRemoteSwiftPackageReference "FSCalendar" */ = {
			isa = XCRemoteSwiftPackageReference;
			repositoryURL = "https://github.com/WenchaoD/FSCalendar.git";
			requirement = {
				branch = master;
				kind = branch;
			};
		};
		AA59AAF52A23641B00CBF9AE /* XCRemoteSwiftPackageReference "lottie-ios" */ = {
			isa = XCRemoteSwiftPackageReference;
			repositoryURL = "https://github.com/airbnb/lottie-ios";
			requirement = {
				kind = upToNextMajorVersion;
				minimumVersion = 4.0.0;
			};
		};
/* End XCRemoteSwiftPackageReference section */

/* Begin XCSwiftPackageProductDependency section */
		AA380AE12A23C9B40053DC90 /* Alamofire */ = {
			isa = XCSwiftPackageProductDependency;
			package = AA380AE02A23C9B40053DC90 /* XCRemoteSwiftPackageReference "Alamofire" */;
			productName = Alamofire;
		};
		AA380AE42A23C9D70053DC90 /* SwiftyJSON */ = {
			isa = XCSwiftPackageProductDependency;
			package = AA380AE32A23C9D70053DC90 /* XCRemoteSwiftPackageReference "SwiftyJSON" */;
			productName = SwiftyJSON;
		};
		AA59AADC2A23633800CBF9AE /* FirebaseAuth */ = {
			isa = XCSwiftPackageProductDependency;
			package = AA59AADB2A23633700CBF9AE /* XCRemoteSwiftPackageReference "firebase-ios-sdk" */;
			productName = FirebaseAuth;
		};
		AA59AADE2A23633800CBF9AE /* FirebaseAuthCombine-Community */ = {
			isa = XCSwiftPackageProductDependency;
			package = AA59AADB2A23633700CBF9AE /* XCRemoteSwiftPackageReference "firebase-ios-sdk" */;
			productName = "FirebaseAuthCombine-Community";
		};
		AA59AAE02A23633800CBF9AE /* FirebaseDatabase */ = {
			isa = XCSwiftPackageProductDependency;
			package = AA59AADB2A23633700CBF9AE /* XCRemoteSwiftPackageReference "firebase-ios-sdk" */;
			productName = FirebaseDatabase;
		};
		AA59AAE22A23633800CBF9AE /* FirebaseDatabaseSwift */ = {
			isa = XCSwiftPackageProductDependency;
			package = AA59AADB2A23633700CBF9AE /* XCRemoteSwiftPackageReference "firebase-ios-sdk" */;
			productName = FirebaseDatabaseSwift;
		};
		AA59AAE42A23633800CBF9AE /* FirebaseFirestore */ = {
			isa = XCSwiftPackageProductDependency;
			package = AA59AADB2A23633700CBF9AE /* XCRemoteSwiftPackageReference "firebase-ios-sdk" */;
			productName = FirebaseFirestore;
		};
		AA59AAE62A23633800CBF9AE /* FirebaseFirestoreCombine-Community */ = {
			isa = XCSwiftPackageProductDependency;
			package = AA59AADB2A23633700CBF9AE /* XCRemoteSwiftPackageReference "firebase-ios-sdk" */;
			productName = "FirebaseFirestoreCombine-Community";
		};
		AA59AAE82A23633800CBF9AE /* FirebaseFirestoreSwift */ = {
			isa = XCSwiftPackageProductDependency;
			package = AA59AADB2A23633700CBF9AE /* XCRemoteSwiftPackageReference "firebase-ios-sdk" */;
			productName = FirebaseFirestoreSwift;
		};
		AA59AAEA2A23633800CBF9AE /* FirebaseRemoteConfig */ = {
			isa = XCSwiftPackageProductDependency;
			package = AA59AADB2A23633700CBF9AE /* XCRemoteSwiftPackageReference "firebase-ios-sdk" */;
			productName = FirebaseRemoteConfig;
		};
		AA59AAEC2A23633800CBF9AE /* FirebaseRemoteConfigSwift */ = {
			isa = XCSwiftPackageProductDependency;
			package = AA59AADB2A23633700CBF9AE /* XCRemoteSwiftPackageReference "firebase-ios-sdk" */;
			productName = FirebaseRemoteConfigSwift;
		};
		AA59AAEE2A23633800CBF9AE /* FirebaseStorage */ = {
			isa = XCSwiftPackageProductDependency;
			package = AA59AADB2A23633700CBF9AE /* XCRemoteSwiftPackageReference "firebase-ios-sdk" */;
			productName = FirebaseStorage;
		};
		AA59AAF02A23633800CBF9AE /* FirebaseStorageCombine-Community */ = {
			isa = XCSwiftPackageProductDependency;
			package = AA59AADB2A23633700CBF9AE /* XCRemoteSwiftPackageReference "firebase-ios-sdk" */;
			productName = "FirebaseStorageCombine-Community";
		};
		AA59AAF32A23636600CBF9AE /* FSCalendar */ = {
			isa = XCSwiftPackageProductDependency;
			package = AA59AAF22A23636600CBF9AE /* XCRemoteSwiftPackageReference "FSCalendar" */;
			productName = FSCalendar;
		};
		AA59AAF62A23641B00CBF9AE /* Lottie */ = {
			isa = XCSwiftPackageProductDependency;
			package = AA59AAF52A23641B00CBF9AE /* XCRemoteSwiftPackageReference "lottie-ios" */;
			productName = Lottie;
		};
/* End XCSwiftPackageProductDependency section */
	};
	rootObject = AA59AABA2A2361F600CBF9AE /* Project object */;
}
